
Microsoft Visual Studio Solution File, Format Version 12.00
# Visual Studio Version 17
VisualStudioVersion = 17.9.34714.143
MinimumVisualStudioVersion = 10.0.40219.1
Project("{FAE04EC0-301F-11D3-BF4B-00C04F79EFBC}") = "ReadME", "ReadME.csproj", "{C06979B7-2722-4558-B7B0-012A762C427D}"
EndProject
Global
	GlobalSection(SolutionConfigurationPlatforms) = preSolution
		Debug|Any CPU = Debug|Any CPU
		Release|Any CPU = Release|Any CPU
	EndGlobalSection
	GlobalSection(ProjectConfigurationPlatforms) = postSolution
		{C06979B7-2722-4558-B7B0-012A762C427D}.Debug|Any CPU.ActiveCfg = Debug|Any CPU
		{C06979B7-2722-4558-B7B0-012A762C427D}.Debug|Any CPU.Build.0 = Debug|Any CPU
		{C06979B7-2722-4558-B7B0-012A762C427D}.Debug|Any CPU.Deploy.0 = Debug|Any CPU
		{C06979B7-2722-4558-B7B0-012A762C427D}.Release|Any CPU.ActiveCfg = Release|Any CPU
		{C06979B7-2722-4558-B7B0-012A762C427D}.Release|Any CPU.Build.0 = Release|Any CPU
		{C06979B7-2722-4558-B7B0-012A762C427D}.Release|Any CPU.Deploy.0 = Release|Any CPU
	EndGlobalSection
	GlobalSection(SolutionProperties) = preSolution
		HideSolutionNode = FALSE
	EndGlobalSection
	GlobalSection(ExtensibilityGlobals) = postSolution
		SolutionGuid = {91E7D3F5-FA7A-49AC-9CAA-24058660F546}
	EndGlobalSection
EndGlobal
